
Microsoft Visual Studio Solution File, Format Version 12.00
# Visual Studio Version 17
VisualStudioVersion = 17.11.35312.102
MinimumVisualStudioVersion = 10.0.40219.1
Project("{8BC9CEB8-8B4A-11D0-8D11-00A0C91BC942}") = "19.09.2024_All_Task_C++", "19.09.2024_All_Task_C++\19.09.2024_All_Task_C++.vcxproj", "{99C8EE98-77BA-45B7-B63D-3E34BF26B566}"
EndProject
Global
	GlobalSection(SolutionConfigurationPlatforms) = preSolution
		Debug|x64 = Debug|x64
		Debug|x86 = Debug|x86
		Release|x64 = Release|x64
		Release|x86 = Release|x86
	EndGlobalSection
	GlobalSection(ProjectConfigurationPlatforms) = postSolution
		{99C8EE98-77BA-45B7-B63D-3E34BF26B566}.Debug|x64.ActiveCfg = Debug|x64
		{99C8EE98-77BA-45B7-B63D-3E34BF26B566}.Debug|x64.Build.0 = Debug|x64
		{99C8EE98-77BA-45B7-B63D-3E34BF26B566}.Debug|x86.ActiveCfg = Debug|Win32
		{99C8EE98-77BA-45B7-B63D-3E34BF26B566}.Debug|x86.Build.0 = Debug|Win32
		{99C8EE98-77BA-45B7-B63D-3E34BF26B566}.Release|x64.ActiveCfg = Release|x64
		{99C8EE98-77BA-45B7-B63D-3E34BF26B566}.Release|x64.Build.0 = Release|x64
		{99C8EE98-77BA-45B7-B63D-3E34BF26B566}.Release|x86.ActiveCfg = Release|Win32
		{99C8EE98-77BA-45B7-B63D-3E34BF26B566}.Release|x86.Build.0 = Release|Win32
	EndGlobalSection
	GlobalSection(SolutionProperties) = preSolution
		HideSolutionNode = FALSE
	EndGlobalSection
	GlobalSection(ExtensibilityGlobals) = postSolution
		SolutionGuid = {CC7410CE-AE3D-421E-8520-89A58D2BC04C}
	EndGlobalSection
EndGlobal
